<?xml version="1.0" encoding="UTF-8"?>
<CONFIG>
  <ProjectOptions>
    <Version Value="11"/>
    <PathDelim Value="\"/>
    <General>
      <SessionStorage Value="InProjectDir"/>
      <MainUnit Value="0"/>
      <Title Value="BuyCheck"/>
      <ResourceType Value="res"/>
      <XPManifest>
        <DpiAware Value="True/PM"/>
      </XPManifest>
      <Icon Value="0"/>
    </General>
    <i18n>
      <EnableI18N Value="True"/>
      <OutDir Value="locale"/>
    </i18n>
    <BuildModes Count="1">
      <Item1 Name="Default" Default="True"/>
    </BuildModes>
    <PublishOptions>
      <Version Value="2"/>
    </PublishOptions>
    <RunParams>
      <FormatVersion Value="2"/>
      <Modes Count="1">
        <Mode0 Name="default"/>
      </Modes>
    </RunParams>
    <RequiredPackages Count="15">
      <Item1>
        <PackageName Value="fr6_lazarus"/>
      </Item1>
      <Item2>
        <PackageName Value="pl_cindy"/>
      </Item2>
      <Item3>
        <PackageName Value="laz_synapse"/>
      </Item3>
      <Item4>
        <PackageName Value="indylaz"/>
      </Item4>
      <Item5>
        <PackageName Value="Printer4Lazarus"/>
      </Item5>
      <Item6>
        <PackageName Value="virtualdbgrid_package"/>
      </Item6>
      <Item7>
        <PackageName Value="virtualtreeview_package"/>
      </Item7>
      <Item8>
        <PackageName Value="virtualdbtreeexlaz"/>
      </Item8>
      <Item9>
        <PackageName Value="MemDSLaz"/>
      </Item9>
      <Item10>
        <PackageName Value="rxnew"/>
      </Item10>
      <Item11>
        <PackageName Value="DateTimeCtrls"/>
      </Item11>
      <Item12>
        <PackageName Value="FCL"/>
      </Item12>
      <Item13>
        <PackageName Value="zcomponent"/>
      </Item13>
      <Item14>
        <PackageName Value="laz_fpspreadsheet_visual"/>
      </Item14>
      <Item15>
        <PackageName Value="LCL"/>
      </Item15>
    </RequiredPackages>
    <Units Count="41">
      <Unit0>
        <Filename Value="BuyCheck.lpr"/>
        <IsPartOfProject Value="True"/>
      </Unit0>
      <Unit1>
        <Filename Value="readdbfile.pas"/>
        <IsPartOfProject Value="True"/>
        <ComponentName Value="FormImportXLS"/>
        <HasResources Value="True"/>
        <ResourceBaseClass Value="Form"/>
        <UnitName Value="ReadDBfile"/>
      </Unit1>
      <Unit2>
        <Filename Value="connect.pas"/>
        <IsPartOfProject Value="True"/>
        <ComponentName Value="DataModule2"/>
        <HasResources Value="True"/>
        <ResourceBaseClass Value="DataModule"/>
      </Unit2>
      <Unit3>
        <Filename Value="Globales\fn_mysql.pas"/>
        <IsPartOfProject Value="True"/>
      </Unit3>
      <Unit4>
        <Filename Value="Globales\global.pas"/>
        <IsPartOfProject Value="True"/>
        <ComponentName Value="DataModule1"/>
        <HasResources Value="True"/>
        <ResourceBaseClass Value="Form"/>
        <UnitName Value="Global"/>
      </Unit4>
      <Unit5>
        <Filename Value="findout.pas"/>
        <IsPartOfProject Value="True"/>
        <ComponentName Value="FormFindout"/>
        <HasResources Value="True"/>
        <ResourceBaseClass Value="Form"/>
      </Unit5>
      <Unit6>
        <Filename Value="workstation.pas"/>
        <IsPartOfProject Value="True"/>
        <ComponentName Value="FormWork"/>
        <HasResources Value="True"/>
        <ResourceBaseClass Value="Form"/>
        <UnitName Value="WorkStation"/>
      </Unit6>
      <Unit7>
        <Filename Value="dblookup.pas"/>
        <IsPartOfProject Value="True"/>
        <ComponentName Value="FLookup"/>
        <HasResources Value="True"/>
        <ResourceBaseClass Value="Form"/>
      </Unit7>
      <Unit8>
        <Filename Value="proveedor.pas"/>
        <IsPartOfProject Value="True"/>
        <ComponentName Value="FormProveedor"/>
        <HasResources Value="True"/>
        <ResourceBaseClass Value="Form"/>
        <UnitName Value="Proveedor"/>
      </Unit8>
      <Unit9>
        <Filename Value="moduleadd.pas"/>
        <IsPartOfProject Value="True"/>
        <ComponentName Value="FormM"/>
        <HasResources Value="True"/>
        <ResourceBaseClass Value="Form"/>
        <UnitName Value="Moduleadd"/>
      </Unit9>
      <Unit10>
        <Filename Value="formdlgcaption.pas"/>
        <IsPartOfProject Value="True"/>
        <ComponentName Value="frmDlgCaption"/>
        <HasResources Value="True"/>
        <ResourceBaseClass Value="Form"/>
      </Unit10>
      <Unit11>
        <Filename Value="Globales\busquedas.pas"/>
        <IsPartOfProject Value="True"/>
        <ComponentName Value="FBusquedas"/>
        <HasResources Value="True"/>
        <ResourceBaseClass Value="Form"/>
        <UnitName Value="Busquedas"/>
      </Unit11>
      <Unit12>
        <Filename Value="goodslist.pas"/>
        <IsPartOfProject Value="True"/>
        <ComponentName Value="FormGoodsList"/>
        <HasResources Value="True"/>
        <ResourceBaseClass Value="Form"/>
      </Unit12>
      <Unit13>
        <Filename Value="stockactual.pas"/>
        <IsPartOfProject Value="True"/>
        <ComponentName Value="FormStock"/>
        <HasResources Value="True"/>
        <ResourceBaseClass Value="Form"/>
        <UnitName Value="StockActual"/>
      </Unit13>
      <Unit14>
        <Filename Value="buyinput.pas"/>
        <IsPartOfProject Value="True"/>
        <ComponentName Value="FormBuy"/>
        <HasResources Value="True"/>
        <ResourceBaseClass Value="Form"/>
        <UnitName Value="BuyInput"/>
      </Unit14>
      <Unit15>
        <Filename Value="buyin02.pas"/>
        <IsPartOfProject Value="True"/>
        <ComponentName Value="FormBuyIn02"/>
        <HasResources Value="True"/>
        <ResourceBaseClass Value="Form"/>
      </Unit15>
      <Unit16>
        <Filename Value="buyincolgada.pas"/>
        <IsPartOfProject Value="True"/>
        <ComponentName Value="FormColgada"/>
        <HasResources Value="True"/>
        <ResourceBaseClass Value="Form"/>
        <UnitName Value="BuyInColgada"/>
      </Unit16>
      <Unit17>
        <Filename Value="createnewinventory.pas"/>
        <IsPartOfProject Value="True"/>
        <ComponentName Value="FormNewInventory"/>
        <HasResources Value="True"/>
        <ResourceBaseClass Value="Form"/>
        <UnitName Value="CreateNewInventory"/>
      </Unit17>
      <Unit18>
        <Filename Value="inventory.pas"/>
        <IsPartOfProject Value="True"/>
        <ComponentName Value="FormInventory"/>
        <HasResources Value="True"/>
        <ResourceBaseClass Value="Form"/>
        <UnitName Value="Inventory"/>
      </Unit18>
      <Unit19>
        <Filename Value="goodsfromprov.pas"/>
        <IsPartOfProject Value="True"/>
        <ComponentName Value="FormProGoods"/>
        <HasResources Value="True"/>
        <ResourceBaseClass Value="Form"/>
        <UnitName Value="GoodsFromProv"/>
      </Unit19>
      <Unit20>
        <Filename Value="findoutgoodsinpro.pas"/>
        <IsPartOfProject Value="True"/>
        <ComponentName Value="GoodsFromProveedor"/>
        <HasResources Value="True"/>
        <ResourceBaseClass Value="Form"/>
        <UnitName Value="FindoutGoodsInPro"/>
      </Unit20>
      <Unit21>
        <Filename Value="payofbuy.pas"/>
        <IsPartOfProject Value="True"/>
        <ComponentName Value="FormBuyPay"/>
        <HasResources Value="True"/>
        <ResourceBaseClass Value="Form"/>
        <UnitName Value="PayofBuy"/>
      </Unit21>
      <Unit22>
        <Filename Value="his_goods_buy.pas"/>
        <IsPartOfProject Value="True"/>
        <ComponentName Value="FormGoodsBuyHis"/>
        <HasResources Value="True"/>
        <ResourceBaseClass Value="Form"/>
        <UnitName Value="His_Goods_Buy"/>
      </Unit22>
      <Unit23>
        <Filename Value="his_buys.pas"/>
        <IsPartOfProject Value="True"/>
        <ComponentName Value="Form_His_BuyFromProveedor"/>
        <HasResources Value="True"/>
        <ResourceBaseClass Value="Form"/>
      </Unit23>
      <Unit24>
        <Filename Value="his_pays.pas"/>
        <IsPartOfProject Value="True"/>
        <ComponentName Value="FormPayInfo"/>
        <HasResources Value="True"/>
        <ResourceBaseClass Value="Form"/>
      </Unit24>
      <Unit25>
        <Filename Value="his_buy_detalles.pas"/>
        <IsPartOfProject Value="True"/>
        <ComponentName Value="FormBuyDetalles"/>
        <HasResources Value="True"/>
        <ResourceBaseClass Value="Form"/>
        <UnitName Value="His_buy_detalles"/>
      </Unit25>
      <Unit26>
        <Filename Value="buylistcheck.pas"/>
        <IsPartOfProject Value="True"/>
        <ComponentName Value="Form1"/>
        <HasResources Value="True"/>
        <ResourceBaseClass Value="Form"/>
        <UnitName Value="BuyListCheck"/>
      </Unit26>
      <Unit27>
        <Filename Value="select_onesku.pas"/>
        <IsPartOfProject Value="True"/>
        <ComponentName Value="FormSelectOneSKU"/>
        <HasResources Value="True"/>
        <ResourceBaseClass Value="Form"/>
      </Unit27>
      <Unit28>
        <Filename Value="addgoods.pas"/>
        <IsPartOfProject Value="True"/>
        <ComponentName Value="FormGoodsSpu"/>
        <HasResources Value="True"/>
        <ResourceBaseClass Value="Form"/>
        <UnitName Value="AddGoods"/>
      </Unit28>
      <Unit29>
        <Filename Value="select_sku.pas"/>
        <IsPartOfProject Value="True"/>
        <ComponentName Value="FormSelectSKU"/>
        <HasResources Value="True"/>
        <ResourceBaseClass Value="Form"/>
        <UnitName Value="Select_SKU"/>
      </Unit29>
      <Unit30>
        <Filename Value="U_Conn_Indy.pas"/>
        <IsPartOfProject Value="True"/>
        <ComponentName Value="DMindy"/>
        <HasResources Value="True"/>
        <ResourceBaseClass Value="DataModule"/>
      </Unit30>
      <Unit31>
        <Filename Value="uitem.pas"/>
        <IsPartOfProject Value="True"/>
        <ComponentName Value="frmItem"/>
        <HasResources Value="True"/>
        <ResourceBaseClass Value="Form"/>
        <UnitName Value="UItem"/>
      </Unit31>
      <Unit32>
        <Filename Value="UItemList.pas"/>
        <IsPartOfProject Value="True"/>
        <ComponentName Value="FormItemlist"/>
        <HasResources Value="True"/>
        <ResourceBaseClass Value="Form"/>
      </Unit32>
      <Unit33>
        <Filename Value="Uloginmain.pas"/>
        <IsPartOfProject Value="True"/>
        <ComponentName Value="FormLogin"/>
        <HasResources Value="True"/>
        <ResourceBaseClass Value="Form"/>
      </Unit33>
      <Unit34>
        <Filename Value="Udata.pas"/>
        <IsPartOfProject Value="True"/>
      </Unit34>
      <Unit35>
        <Filename Value="uFS.pas"/>
        <IsPartOfProject Value="True"/>
      </Unit35>
      <Unit36>
        <Filename Value="ABOUT.pas"/>
        <IsPartOfProject Value="True"/>
        <ComponentName Value="AboutBox"/>
        <HasResources Value="True"/>
        <ResourceBaseClass Value="Form"/>
      </Unit36>
      <Unit37>
        <Filename Value="pingthread.pas"/>
        <IsPartOfProject Value="True"/>
        <UnitName Value="PingThread"/>
      </Unit37>
      <Unit38>
        <Filename Value="category_frmDlgCaption.pas"/>
        <IsPartOfProject Value="True"/>
        <ComponentName Value="frmDlgCapt"/>
        <HasResources Value="True"/>
        <ResourceBaseClass Value="Form"/>
      </Unit38>
      <Unit39>
        <Filename Value="buyin01.pas"/>
        <IsPartOfProject Value="True"/>
        <ComponentName Value="FormBuyIn"/>
        <HasResources Value="True"/>
        <ResourceBaseClass Value="Form"/>
        <UnitName Value="BuyIn01"/>
      </Unit39>
      <Unit40>
        <Filename Value="etiquetasarticulos.pas"/>
        <IsPartOfProject Value="True"/>
        <ComponentName Value="FormEtiPEs"/>
        <HasResources Value="True"/>
        <ResourceBaseClass Value="Form"/>
        <UnitName Value="EtiquetasArticulos"/>
      </Unit40>
    </Units>
  </ProjectOptions>
  <CompilerOptions>
    <Version Value="11"/>
    <PathDelim Value="\"/>
    <Target>
      <Filename Value="BuyCheck"/>
    </Target>
    <SearchPaths>
      <IncludeFiles Value="$(ProjOutDir)"/>
      <OtherUnitFiles Value="Globales"/>
      <UnitOutputDirectory Value="lib\$(TargetCPU)-$(TargetOS)"/>
    </SearchPaths>
    <Parsing>
      <SyntaxOptions>
        <IncludeAssertionCode Value="True"/>
      </SyntaxOptions>
    </Parsing>
    <CodeGeneration>
      <VerifyObjMethodCallValidity Value="True"/>
      <TargetCPU Value="i386"/>
      <TargetOS Value="win32"/>
      <SmallerCode Value="True"/>
    </CodeGeneration>
    <Linking>
      <Debugging>
        <GenerateDebugInfo Value="False"/>
        <UseValgrind Value="True"/>
        <StripSymbols Value="True"/>
        <UseExternalDbgSyms Value="True"/>
      </Debugging>
      <LinkSmart Value="True"/>
      <Options>
        <Win32>
          <GraphicApplication Value="True"/>
        </Win32>
      </Options>
    </Linking>
    <Other>
      <Verbosity>
        <ShoLineNum Value="True"/>
        <ShowAll Value="True"/>
        <ShowDebugInfo Value="True"/>
        <ShowUsedFiles Value="True"/>
        <ShowTriedFiles Value="True"/>
        <ShowCompProc Value="True"/>
        <ShowCond Value="True"/>
        <ShowExecInfo Value="True"/>
      </Verbosity>
      <CompilerMessages>
        <IgnoredMessages idx5024="True"/>
      </CompilerMessages>
    </Other>
  </CompilerOptions>
  <Debugging>
    <Exceptions Count="3">
      <Item1>
        <Name Value="EAbort"/>
      </Item1>
      <Item2>
        <Name Value="ECodetoolError"/>
      </Item2>
      <Item3>
        <Name Value="EFOpenError"/>
      </Item3>
    </Exceptions>
  </Debugging>
</CONFIG>
